
Microsoft Visual Studio Solution File, Format Version 12.00
# Visual Studio Version 17
VisualStudioVersion = 17.13.35919.96 d17.13
MinimumVisualStudioVersion = 10.0.40219.1
Project("{8BC9CEB8-8B4A-11D0-8D11-00A0C91BC942}") = "Lab 10", "Lab 10.vcxproj", "{BE61CAB7-0B74-4CC5-A265-265B1EFA4CCB}"
EndProject
Global
	GlobalSection(SolutionConfigurationPlatforms) = preSolution
		Debug|x64 = Debug|x64
		Release|x64 = Release|x64
	EndGlobalSection
	GlobalSection(ProjectConfigurationPlatforms) = postSolution
		{BE61CAB7-0B74-4CC5-A265-265B1EFA4CCB}.Debug|x64.ActiveCfg = Debug|x64
		{BE61CAB7-0B74-4CC5-A265-265B1EFA4CCB}.Debug|x64.Build.0 = Debug|x64
		{BE61CAB7-0B74-4CC5-A265-265B1EFA4CCB}.Release|x64.ActiveCfg = Release|x64
		{BE61CAB7-0B74-4CC5-A265-265B1EFA4CCB}.Release|x64.Build.0 = Release|x64
	EndGlobalSection
	GlobalSection(SolutionProperties) = preSolution
		HideSolutionNode = FALSE
	EndGlobalSection
	GlobalSection(ExtensibilityGlobals) = postSolution
		SolutionGuid = {79A5A73D-935B-4EE5-8CC9-79D9A255E8AC}
	EndGlobalSection
EndGlobal
