<Solution>
  <Project Path="client/client.csproj" />
  <Project Path="CSharpRestClient/CSharpRestClient.csproj" Id="f792c3ac-e95d-437e-8005-38c619076188" />
  <Project Path="model/model.csproj" />
  <Project Path="networking/networking.csproj" />
  <Project Path="persistence/persistence.csproj" />
  <Project Path="server/server.csproj" />
  <Project Path="services/services.csproj" />
</Solution>
